{
    "_meta": {
        "hash": {
            "sha256": "7c535795780b17d22e342391d2e0d76437a01822dcccd07a721df321f512de09"
        },
        "pipfile-spec": 6,
        "requires": {
            "python_version": "3.8"
        },
        "sources": [
            {
                "name": "pypi",
                "url": "https://pypi.org/simple",
                "verify_ssl": true
            }
        ]
    },
    "default": {
        "aiofiles": {
            "hashes": [
                "sha256:bd3019af67f83b739f8e4053c6c0512a7f545b9a8d91aaeab55e6e0f9d123c27",
                "sha256:e0281b157d3d5d59d803e3f4557dcc9a3dff28a4dd4829a9ff478adae50ca092"
            ],
            "version": "==0.6.0"
        },
        "async-property": {
            "hashes": [
                "sha256:53826fd45a67d7d6cca3d7abbc0e8ba951f7c7618c830021fbd3675979b0b67d",
                "sha256:f1f105009a6216ed9a13031aa13632754ed8a5c2e329fb8f9f2082d83529eacd"
            ],
            "version": "==0.2.1"
        },
        "blinker": {
            "hashes": [
                "sha256:471aee25f3992bd325afa3772f1063dbdbbca947a041b8b89466dc00d606f8b6"
            ],
            "version": "==1.4"
        },
        "click": {
            "hashes": [
                "sha256:d2b5255c7c6349bc1bd1e59e08cd12acbbd63ce649f2588755783aa94dfb6b1a",
                "sha256:dacca89f4bfadd5de3d7489b7c8a566eee0d3676333fbb50030263894c38c0dc"
            ],
            "version": "==7.1.2"
        },
        "h11": {
            "hashes": [
                "sha256:36a3cb8c0a032f56e2da7084577878a035d3b61d104230d4bd49c0c6b555a9c6",
                "sha256:47222cb6067e4a307d535814917cd98fd0a57b6788ce715755fa2b6c28b56042"
            ],
            "version": "==0.12.0"
        },
        "h2": {
            "hashes": [
                "sha256:ac9e293a1990b339d5d71b19c5fe630e3dd4d768c620d1730d355485323f1b25",
                "sha256:bb7ac7099dd67a857ed52c815a6192b6b1f5ba6b516237fc24a085341340593d"
            ],
            "version": "==4.0.0"
        },
        "hpack": {
            "hashes": [
                "sha256:84a076fad3dc9a9f8063ccb8041ef100867b1878b25ef0ee63847a5d53818a6c",
                "sha256:fc41de0c63e687ebffde81187a948221294896f6bdc0ae2312708df339430095"
            ],
            "version": "==4.0.0"
        },
        "hypercorn": {
            "hashes": [
                "sha256:5ba1e719c521080abd698ff5781a2331e34ef50fc1c89a50960538115a896a9a",
                "sha256:8007c10f81566920f8ae12c0e26e146f94ca70506da964b5a727ad610aa1d821"
            ],
            "version": "==0.11.2"
        },
        "hyperframe": {
            "hashes": [
                "sha256:742d2a4bc3152a340a49d59f32e33ec420aa8e7054c1444ef5c7efff255842f1",
                "sha256:a51026b1591cac726fc3d0b7994fbc7dc5efab861ef38503face2930fd7b2d34"
            ],
            "version": "==6.0.0"
        },
        "itsdangerous": {
            "hashes": [
                "sha256:321b033d07f2a4136d3ec762eac9f16a10ccd60f53c0c91af90217ace7ba1f19",
                "sha256:b12271b2047cb23eeb98c8b5622e2e5c5e9abd9784a153e9d8ef9cb4dd09d749"
            ],
            "version": "==1.1.0"
        },
        "jinja2": {
            "hashes": [
                "sha256:03e47ad063331dd6a3f04a43eddca8a966a26ba0c5b7207a9a9e4e08f1b29419",
                "sha256:a6d58433de0ae800347cab1fa3043cebbabe8baa9d29e668f1c768cb87a333c6"
            ],
            "index": "pypi",
            "version": "==2.11.3"
        },
        "markupsafe": {
            "hashes": [
                "sha256:00bc623926325b26bb9605ae9eae8a215691f33cae5df11ca5424f06f2d1f473",
                "sha256:09027a7803a62ca78792ad89403b1b7a73a01c8cb65909cd876f7fcebd79b161",
                "sha256:09c4b7f37d6c648cb13f9230d847adf22f8171b1ccc4d5682398e77f40309235",
                "sha256:1027c282dad077d0bae18be6794e6b6b8c91d58ed8a8d89a89d59693b9131db5",
                "sha256:13d3144e1e340870b25e7b10b98d779608c02016d5184cfb9927a9f10c689f42",
                "sha256:195d7d2c4fbb0ee8139a6cf67194f3973a6b3042d742ebe0a9ed36d8b6f0c07f",
                "sha256:22c178a091fc6630d0d045bdb5992d2dfe14e3259760e713c490da5323866c39",
                "sha256:24982cc2533820871eba85ba648cd53d8623687ff11cbb805be4ff7b4c971aff",
                "sha256:29872e92839765e546828bb7754a68c418d927cd064fd4708fab9fe9c8bb116b",
                "sha256:2beec1e0de6924ea551859edb9e7679da6e4870d32cb766240ce17e0a0ba2014",
                "sha256:3b8a6499709d29c2e2399569d96719a1b21dcd94410a586a18526b143ec8470f",
                "sha256:43a55c2930bbc139570ac2452adf3d70cdbb3cfe5912c71cdce1c2c6bbd9c5d1",
                "sha256:46c99d2de99945ec5cb54f23c8cd5689f6d7177305ebff350a58ce5f8de1669e",
                "sha256:500d4957e52ddc3351cabf489e79c91c17f6e0899158447047588650b5e69183",
                "sha256:535f6fc4d397c1563d08b88e485c3496cf5784e927af890fb3c3aac7f933ec66",
                "sha256:596510de112c685489095da617b5bcbbac7dd6384aeebeda4df6025d0256a81b",
                "sha256:62fe6c95e3ec8a7fad637b7f3d372c15ec1caa01ab47926cfdf7a75b40e0eac1",
                "sha256:6788b695d50a51edb699cb55e35487e430fa21f1ed838122d722e0ff0ac5ba15",
                "sha256:6dd73240d2af64df90aa7c4e7481e23825ea70af4b4922f8ede5b9e35f78a3b1",
                "sha256:6f1e273a344928347c1290119b493a1f0303c52f5a5eae5f16d74f48c15d4a85",
                "sha256:6fffc775d90dcc9aed1b89219549b329a9250d918fd0b8fa8d93d154918422e1",
                "sha256:717ba8fe3ae9cc0006d7c451f0bb265ee07739daf76355d06366154ee68d221e",
                "sha256:79855e1c5b8da654cf486b830bd42c06e8780cea587384cf6545b7d9ac013a0b",
                "sha256:7c1699dfe0cf8ff607dbdcc1e9b9af1755371f92a68f706051cc8c37d447c905",
                "sha256:7fed13866cf14bba33e7176717346713881f56d9d2bcebab207f7a036f41b850",
                "sha256:84dee80c15f1b560d55bcfe6d47b27d070b4681c699c572af2e3c7cc90a3b8e0",
                "sha256:88e5fcfb52ee7b911e8bb6d6aa2fd21fbecc674eadd44118a9cc3863f938e735",
                "sha256:8defac2f2ccd6805ebf65f5eeb132adcf2ab57aa11fdf4c0dd5169a004710e7d",
                "sha256:98bae9582248d6cf62321dcb52aaf5d9adf0bad3b40582925ef7c7f0ed85fceb",
                "sha256:98c7086708b163d425c67c7a91bad6e466bb99d797aa64f965e9d25c12111a5e",
                "sha256:9add70b36c5666a2ed02b43b335fe19002ee5235efd4b8a89bfcf9005bebac0d",
                "sha256:9bf40443012702a1d2070043cb6291650a0841ece432556f784f004937f0f32c",
                "sha256:a6a744282b7718a2a62d2ed9d993cad6f5f585605ad352c11de459f4108df0a1",
                "sha256:acf08ac40292838b3cbbb06cfe9b2cb9ec78fce8baca31ddb87aaac2e2dc3bc2",
                "sha256:ade5e387d2ad0d7ebf59146cc00c8044acbd863725f887353a10df825fc8ae21",
                "sha256:b00c1de48212e4cc9603895652c5c410df699856a2853135b3967591e4beebc2",
                "sha256:b1282f8c00509d99fef04d8ba936b156d419be841854fe901d8ae224c59f0be5",
                "sha256:b1dba4527182c95a0db8b6060cc98ac49b9e2f5e64320e2b56e47cb2831978c7",
                "sha256:b2051432115498d3562c084a49bba65d97cf251f5a331c64a12ee7e04dacc51b",
                "sha256:b7d644ddb4dbd407d31ffb699f1d140bc35478da613b441c582aeb7c43838dd8",
                "sha256:ba59edeaa2fc6114428f1637ffff42da1e311e29382d81b339c1817d37ec93c6",
                "sha256:bf5aa3cbcfdf57fa2ee9cd1822c862ef23037f5c832ad09cfea57fa846dec193",
                "sha256:c8716a48d94b06bb3b2524c2b77e055fb313aeb4ea620c8dd03a105574ba704f",
                "sha256:caabedc8323f1e93231b52fc32bdcde6db817623d33e100708d9a68e1f53b26b",
                "sha256:cd5df75523866410809ca100dc9681e301e3c27567cf498077e8551b6d20e42f",
                "sha256:cdb132fc825c38e1aeec2c8aa9338310d29d337bebbd7baa06889d09a60a1fa2",
                "sha256:d53bc011414228441014aa71dbec320c66468c1030aae3a6e29778a3382d96e5",
                "sha256:d73a845f227b0bfe8a7455ee623525ee656a9e2e749e4742706d80a6065d5e2c",
                "sha256:d9be0ba6c527163cbed5e0857c451fcd092ce83947944d6c14bc95441203f032",
                "sha256:e249096428b3ae81b08327a63a485ad0878de3fb939049038579ac0ef61e17e7",
                "sha256:e8313f01ba26fbbe36c7be1966a7b7424942f670f38e666995b88d012765b9be",
                "sha256:feb7b34d6325451ef96bc0e36e1a6c0c1c64bc1fbec4b854f4529e51887b1621"
            ],
            "version": "==1.1.1"
        },
        "priority": {
            "hashes": [
                "sha256:6bc1961a6d7fcacbfc337769f1a382c8e746566aaa365e78047abe9f66b2ffbe",
                "sha256:be4fcb94b5e37cdeb40af5533afe6dd603bd665fe9c8b3052610fc1001d5d1eb"
            ],
            "version": "==1.3.0"
        },
        "privex-helpers": {
            "hashes": [
                "sha256:b231feb630d031823561a05aaabea7feb3fdb5ec2f0b8c4018fe5b9aa6ddcaaf",
                "sha256:c52bc77ed18f5fe89e13e06e4ad6a91fc60f2e3d20347d18f41342fcaf0a90c9"
            ],
            "index": "pypi",
            "version": "==2.15.0"
        },
        "privex-loghelper": {
            "hashes": [
                "sha256:db9c63fa630746263d35fd10e086ea2230d87628ee802b1856a94dd525fd2a24",
                "sha256:f783fb848e281d639f75ae240d0cf048f0ae2c860157e3dad2833b2392230f47"
            ],
            "index": "pypi",
            "version": "==1.0.6"
        },
        "python-dateutil": {
            "hashes": [
                "sha256:73ebfe9dbf22e832286dafa60473e4cd239f8592f699aa5adaf10050e6e1823c",
                "sha256:75bb3f31ea686f1197762692a9ee6a7550b59fc6ca3a1f4b5d7e32fb98e2da2a"
            ],
            "index": "pypi",
            "version": "==2.8.1"
        },
        "python-dotenv": {
            "hashes": [
                "sha256:8c10c99a1b25d9a68058a1ad6f90381a62ba68230ca93966882a4dbc3bc9c33d",
                "sha256:c10863aee750ad720f4f43436565e4c1698798d763b63234fb5021b6c616e423"
            ],
            "index": "pypi",
            "version": "==0.14.0"
        },
        "pytz": {
            "hashes": [
                "sha256:a494d53b6d39c3c6e44c3bec237336e14305e4f29bbf800b599253057fbb79ed",
                "sha256:c35965d010ce31b23eeb663ed3cc8c906275d6be1a34393a1d73a41febf4a048"
            ],
            "index": "pypi",
            "version": "==2020.1"
        },
        "quart": {
            "hashes": [
                "sha256:99a65bc90d0e1260c9cc9a7dd0b8523eb6cd9f4ec146e771e98a55ee180ae6c2",
                "sha256:f706e6eff0ef756b88d9965359f7445c9c2773551dca822deb8c018c58c00902"
            ],
            "index": "pypi",
            "version": "==0.12.0"
        },
        "rethinkdb": {
            "hashes": [
                "sha256:945b5efdc10f468fc056bd53a4e4224ec4c2fe1a7e83ae47443bbb6e7c7a1f7d",
                "sha256:95eae79b2c20202567f2731e729764f13caa2d1366a8639edbe1413195b6e151"
            ],
            "index": "pypi",
            "version": "==2.4.7"
        },
        "six": {
            "hashes": [
                "sha256:30639c035cdb23534cd4aa2dd52c3bf48f06e5f4a941509c8bafd8ce11080259",
                "sha256:8b74bedcbbbaca38ff6d7491d76f2b06b3592611af620f8426e82dddb04a5ced"
            ],
            "version": "==1.15.0"
        },
        "sniffio": {
            "hashes": [
                "sha256:471b71698eac1c2112a40ce2752bb2f4a4814c22a54a3eed3676bc0f5ca9f663",
                "sha256:c4666eecec1d3f50960c6bdf61ab7bc350648da6c126e3cf6898d8cd4ddcd3de"
            ],
            "version": "==1.2.0"
        },
        "toml": {
            "hashes": [
                "sha256:806143ae5bfb6a3c6e736a764057db0e6a0e05e338b5630894a5f779cabb4f9b",
                "sha256:b3bda1d108d5dd99f4a20d24d9c348e91c4db7ab1b749200bded2f839ccbe68f"
            ],
            "version": "==0.10.2"
        },
        "werkzeug": {
            "hashes": [
                "sha256:2de2a5db0baeae7b2d2664949077c2ac63fbd16d98da0ff71837f7d1dea3fd43",
                "sha256:6c80b1e5ad3665290ea39320b91e1be1e0d5f60652b964a3070216de83d2e47c"
            ],
            "version": "==1.0.1"
        },
        "wsproto": {
            "hashes": [
                "sha256:868776f8456997ad0d9720f7322b746bbe9193751b5b290b7f924659377c8c38",
                "sha256:d8345d1808dd599b5ffb352c25a367adb6157e664e140dbecba3f9bc007edb9f"
            ],
            "version": "==1.0.0"
        }
    },
    "develop": {}
}
